
Microsoft Visual Studio Solution File, Format Version 12.00
# Visual Studio 15
VisualStudioVersion = 15.0.28307.1062
MinimumVisualStudioVersion = 10.0.40219.1
Project("{8BC9CEB8-8B4A-11D0-8D11-00A0C91BC942}") = "WT2", "WT2\WT2.vcxproj", "{CBFEA497-1E4E-49D0-933A-5623EB062CCD}"
EndProject
Global
	GlobalSection(SolutionConfigurationPlatforms) = preSolution
		Debug|x64 = Debug|x64
		Debug|x86 = Debug|x86
		Release|x64 = Release|x64
		Release|x86 = Release|x86
	EndGlobalSection
	GlobalSection(ProjectConfigurationPlatforms) = postSolution
		{CBFEA497-1E4E-49D0-933A-5623EB062CCD}.Debug|x64.ActiveCfg = Debug|x64
		{CBFEA497-1E4E-49D0-933A-5623EB062CCD}.Debug|x64.Build.0 = Debug|x64
		{CBFEA497-1E4E-49D0-933A-5623EB062CCD}.Debug|x86.ActiveCfg = Debug|Win32
		{CBFEA497-1E4E-49D0-933A-5623EB062CCD}.Debug|x86.Build.0 = Debug|Win32
		{CBFEA497-1E4E-49D0-933A-5623EB062CCD}.Release|x64.ActiveCfg = Release|x64
		{CBFEA497-1E4E-49D0-933A-5623EB062CCD}.Release|x64.Build.0 = Release|x64
		{CBFEA497-1E4E-49D0-933A-5623EB062CCD}.Release|x86.ActiveCfg = Release|Win32
		{CBFEA497-1E4E-49D0-933A-5623EB062CCD}.Release|x86.Build.0 = Release|Win32
	EndGlobalSection
	GlobalSection(SolutionProperties) = preSolution
		HideSolutionNode = FALSE
	EndGlobalSection
	GlobalSection(ExtensibilityGlobals) = postSolution
		SolutionGuid = {722AF4E3-0CD7-426A-A43E-34A659CC43F5}
	EndGlobalSection
EndGlobal
